# generated by rye
# use `rye lock` or `rye sync` to update this lockfile
#
# last locked with the following flags:
#   pre: false
#   features: []
#   all-features: false
#   with-sources: false
#   generate-hashes: false
#   universal: false

-e file:.
asttokens==3.0.0
    # via image-classification
    # via stack-data
certifi==2024.12.14
    # via image-classification
    # via requests
charset-normalizer==3.4.1
    # via image-classification
    # via requests
comm==0.2.2
    # via image-classification
    # via ipykernel
debugpy==1.8.11
    # via image-classification
    # via ipykernel
decorator==5.1.1
    # via image-classification
    # via ipython
executing==2.1.0
    # via image-classification
    # via stack-data
idna==3.10
    # via image-classification
    # via requests
imageio==2.36.1
    # via image-classification
    # via scikit-image
iniconfig==2.0.0
    # via pytest
ipykernel==6.29.5
    # via image-classification
ipython==8.31.0
    # via image-classification
    # via ipykernel
jedi==0.19.2
    # via image-classification
    # via ipython
joblib==1.4.2
    # via image-classification
    # via scikit-learn
jupyter-client==8.6.3
    # via image-classification
    # via ipykernel
jupyter-core==5.7.2
    # via image-classification
    # via ipykernel
    # via jupyter-client
kagglehub==0.3.6
    # via image-classification
lazy-loader==0.4
    # via image-classification
    # via scikit-image
matplotlib-inline==0.1.7
    # via image-classification
    # via ipykernel
    # via ipython
nest-asyncio==1.6.0
    # via image-classification
    # via ipykernel
networkx==3.4.2
    # via image-classification
    # via scikit-image
numpy==2.2.1
    # via image-classification
    # via imageio
    # via opencv-python
    # via pandas
    # via patsy
    # via scikit-image
    # via scikit-learn
    # via scipy
    # via statsmodels
    # via tifffile
opencv-python==4.10.0.84
    # via image-classification
packaging==24.2
    # via image-classification
    # via ipykernel
    # via kagglehub
    # via lazy-loader
    # via pytest
    # via scikit-image
    # via statsmodels
pandas==2.2.3
    # via image-classification
    # via statsmodels
parso==0.8.4
    # via image-classification
    # via jedi
patsy==1.0.1
    # via image-classification
    # via statsmodels
pexpect==4.9.0
    # via image-classification
    # via ipython
pillow==11.0.0
    # via image-classification
    # via imageio
    # via scikit-image
platformdirs==4.3.6
    # via image-classification
    # via jupyter-core
pluggy==1.5.0
    # via pytest
prompt-toolkit==3.0.48
    # via image-classification
    # via ipython
psutil==6.1.1
    # via image-classification
    # via ipykernel
ptyprocess==0.7.0
    # via image-classification
    # via pexpect
pure-eval==0.2.3
    # via image-classification
    # via stack-data
pygments==2.18.0
    # via image-classification
    # via ipython
pytest==8.3.4
    # via image-classification
python-dateutil==2.9.0.post0
    # via image-classification
    # via jupyter-client
    # via pandas
pytz==2024.2
    # via image-classification
    # via pandas
pyzmq==26.2.0
    # via image-classification
    # via ipykernel
    # via jupyter-client
requests==2.32.3
    # via image-classification
    # via kagglehub
scikit-image==0.25.0
    # via image-classification
scikit-learn==1.6.0
    # via image-classification
scipy==1.14.1
    # via image-classification
    # via scikit-image
    # via scikit-learn
    # via statsmodels
six==1.17.0
    # via image-classification
    # via python-dateutil
stack-data==0.6.3
    # via image-classification
    # via ipython
statsmodels==0.14.4
    # via image-classification
tabulate==0.9.0
    # via image-classification
threadpoolctl==3.5.0
    # via image-classification
    # via scikit-learn
tifffile==2024.12.12
    # via image-classification
    # via scikit-image
tornado==6.4.2
    # via image-classification
    # via ipykernel
    # via jupyter-client
tqdm==4.67.1
    # via image-classification
    # via kagglehub
traitlets==5.14.3
    # via comm
    # via image-classification
    # via ipykernel
    # via ipython
    # via jupyter-client
    # via jupyter-core
    # via matplotlib-inline
tzdata==2024.2
    # via image-classification
    # via pandas
urllib3==2.3.0
    # via image-classification
    # via requests
wcwidth==0.2.13
    # via image-classification
    # via prompt-toolkit
